
Microsoft Visual Studio Solution File, Format Version 12.00
# Visual Studio 15
VisualStudioVersion = 15.0.28307.852
MinimumVisualStudioVersion = 10.0.40219.1
Project("{FAE04EC0-301F-11D3-BF4B-00C04F79EFBC}") = "CSAc4y", "CSAc4y.csproj", "{66EA7236-BC57-4757-AAF1-F39444764D58}"
EndProject
Global
	GlobalSection(SolutionConfigurationPlatforms) = preSolution
		Debug|Any CPU = Debug|Any CPU
		Release|Any CPU = Release|Any CPU
	EndGlobalSection
	GlobalSection(ProjectConfigurationPlatforms) = postSolution
		{66EA7236-BC57-4757-AAF1-F39444764D58}.Debug|Any CPU.ActiveCfg = Debug|Any CPU
		{66EA7236-BC57-4757-AAF1-F39444764D58}.Debug|Any CPU.Build.0 = Debug|Any CPU
		{66EA7236-BC57-4757-AAF1-F39444764D58}.Release|Any CPU.ActiveCfg = Release|Any CPU
		{66EA7236-BC57-4757-AAF1-F39444764D58}.Release|Any CPU.Build.0 = Release|Any CPU
	EndGlobalSection
	GlobalSection(SolutionProperties) = preSolution
		HideSolutionNode = FALSE
	EndGlobalSection
	GlobalSection(ExtensibilityGlobals) = postSolution
		SolutionGuid = {EC0353AB-6BB1-45CD-A205-B935C8C29C22}
	EndGlobalSection
EndGlobal
